
Microsoft Visual Studio Solution File, Format Version 12.00
# Visual Studio Version 17
VisualStudioVersion = 17.14.37614.0 d17.14
MinimumVisualStudioVersion = 10.0.40219.1
Project("{FAE04EC0-301F-11D3-BF4B-00C04F79EFBC}") = "CDR.API", "CDR.API\CDR.API.csproj", "{C7F844A9-C1B7-44A6-B980-3BB7B6DB0101}"
EndProject
Project("{FAE04EC0-301F-11D3-BF4B-00C04F79EFBC}") = "CDR.Model", "CDR.Model\CDR.Model.csproj", "{F5D92CF2-9134-4202-A4FA-6CEB8AAA2B3B}"
EndProject
Project("{FAE04EC0-301F-11D3-BF4B-00C04F79EFBC}") = "CDR.Data", "CDR.Data\CDR.Data.csproj", "{1CB8575D-7AD2-4A8F-B6F9-8AA563DC22A8}"
EndProject
Project("{FAE04EC0-301F-11D3-BF4B-00C04F79EFBC}") = "CDR.Service", "CDR.Service\CDR.Service.csproj", "{A41D507E-49AE-4A49-97BB-0051CC5BC897}"
EndProject
Project("{FAE04EC0-301F-11D3-BF4B-00C04F79EFBC}") = "CDR.Service.Tests", "CDR.Service.Tests\CDR.Service.Tests.csproj", "{58661F25-39DC-4B13-9E6D-6D3B60063C50}"
EndProject
Global
	GlobalSection(SolutionConfigurationPlatforms) = preSolution
		Debug|Any CPU = Debug|Any CPU
		Release|Any CPU = Release|Any CPU
	EndGlobalSection
	GlobalSection(ProjectConfigurationPlatforms) = postSolution
		{C7F844A9-C1B7-44A6-B980-3BB7B6DB0101}.Debug|Any CPU.ActiveCfg = Debug|Any CPU
		{C7F844A9-C1B7-44A6-B980-3BB7B6DB0101}.Debug|Any CPU.Build.0 = Debug|Any CPU
		{C7F844A9-C1B7-44A6-B980-3BB7B6DB0101}.Release|Any CPU.ActiveCfg = Release|Any CPU
		{C7F844A9-C1B7-44A6-B980-3BB7B6DB0101}.Release|Any CPU.Build.0 = Release|Any CPU
		{F5D92CF2-9134-4202-A4FA-6CEB8AAA2B3B}.Debug|Any CPU.ActiveCfg = Debug|Any CPU
		{F5D92CF2-9134-4202-A4FA-6CEB8AAA2B3B}.Debug|Any CPU.Build.0 = Debug|Any CPU
		{F5D92CF2-9134-4202-A4FA-6CEB8AAA2B3B}.Release|Any CPU.ActiveCfg = Release|Any CPU
		{F5D92CF2-9134-4202-A4FA-6CEB8AAA2B3B}.Release|Any CPU.Build.0 = Release|Any CPU
		{1CB8575D-7AD2-4A8F-B6F9-8AA563DC22A8}.Debug|Any CPU.ActiveCfg = Debug|Any CPU
		{1CB8575D-7AD2-4A8F-B6F9-8AA563DC22A8}.Debug|Any CPU.Build.0 = Debug|Any CPU
		{1CB8575D-7AD2-4A8F-B6F9-8AA563DC22A8}.Release|Any CPU.ActiveCfg = Release|Any CPU
		{1CB8575D-7AD2-4A8F-B6F9-8AA563DC22A8}.Release|Any CPU.Build.0 = Release|Any CPU
		{A41D507E-49AE-4A49-97BB-0051CC5BC897}.Debug|Any CPU.ActiveCfg = Debug|Any CPU
		{A41D507E-49AE-4A49-97BB-0051CC5BC897}.Debug|Any CPU.Build.0 = Debug|Any CPU
		{A41D507E-49AE-4A49-97BB-0051CC5BC897}.Release|Any CPU.ActiveCfg = Release|Any CPU
		{A41D507E-49AE-4A49-97BB-0051CC5BC897}.Release|Any CPU.Build.0 = Release|Any CPU
		{58661F25-39DC-4B13-9E6D-6D3B60063C50}.Debug|Any CPU.ActiveCfg = Debug|Any CPU
		{58661F25-39DC-4B13-9E6D-6D3B60063C50}.Debug|Any CPU.Build.0 = Debug|Any CPU
		{58661F25-39DC-4B13-9E6D-6D3B60063C50}.Release|Any CPU.ActiveCfg = Release|Any CPU
		{58661F25-39DC-4B13-9E6D-6D3B60063C50}.Release|Any CPU.Build.0 = Release|Any CPU
	EndGlobalSection
	GlobalSection(SolutionProperties) = preSolution
		HideSolutionNode = FALSE
	EndGlobalSection
	GlobalSection(ExtensibilityGlobals) = postSolution
		SolutionGuid = {B1E5EC5E-72AA-461F-B986-BAA2446676D2}
	EndGlobalSection
EndGlobal
